
Microsoft Visual Studio Solution File, Format Version 12.00
# Visual Studio Version 16
VisualStudioVersion = 16.0.30128.36
MinimumVisualStudioVersion = 10.0.40219.1
Project("{F184B08F-C81C-45F6-A57F-5ABD9991F28F}") = "NKLSoft-OS1.0", "NKLSoft-OS1.0\NKLSoft-OS1.0.vbproj", "{9238D251-C65A-4040-BDC0-E6776A687F1E}"
EndProject
Global
	GlobalSection(SolutionConfigurationPlatforms) = preSolution
		Debug|Any CPU = Debug|Any CPU
		Release|Any CPU = Release|Any CPU
	EndGlobalSection
	GlobalSection(ProjectConfigurationPlatforms) = postSolution
		{9238D251-C65A-4040-BDC0-E6776A687F1E}.Debug|Any CPU.ActiveCfg = Debug|Any CPU
		{9238D251-C65A-4040-BDC0-E6776A687F1E}.Debug|Any CPU.Build.0 = Debug|Any CPU
		{9238D251-C65A-4040-BDC0-E6776A687F1E}.Release|Any CPU.ActiveCfg = Release|Any CPU
		{9238D251-C65A-4040-BDC0-E6776A687F1E}.Release|Any CPU.Build.0 = Release|Any CPU
	EndGlobalSection
	GlobalSection(SolutionProperties) = preSolution
		HideSolutionNode = FALSE
	EndGlobalSection
	GlobalSection(ExtensibilityGlobals) = postSolution
		SolutionGuid = {95BEBB98-E4B6-4BB8-8548-7736C306A018}
	EndGlobalSection
EndGlobal
